{
  "requires": true,
  "lockfileVersion": 1,
  "dependencies": {
    "vue-analytics": {
      "version": "5.18.0",
      "resolved": "https://registry.npmjs.org/vue-analytics/-/vue-analytics-5.18.0.tgz",
      "integrity": "sha512-rnDwx+4mksrwohIxqwJqRVuXotpyKjEPeqMoYveAK3vIp8MiO2BuUfVxELaPFN9/OXFt2ayuQDMParsjWDrNmA=="
    }
  }
}
