# THIS IS AN AUTOGENERATED FILE. DO NOT EDIT THIS FILE DIRECTLY.
# yarn lockfile v1


vue-analytics@^5.18.0:
  version "5.18.0"
  resolved "https://registry.yarnpkg.com/vue-analytics/-/vue-analytics-5.18.0.tgz#15a4aee44700d6ba3ee0b0dbd98b58154c78c53d"
  integrity sha512-rnDwx+4mksrwohIxqwJqRVuXotpyKjEPeqMoYveAK3vIp8MiO2BuUfVxELaPFN9/OXFt2ayuQDMParsjWDrNmA==
